# THIS IS AN AUTOGENERATED FILE. DO NOT EDIT THIS FILE DIRECTLY.
# yarn lockfile v1


"@babel/runtime@^7.16.3":
  version "7.22.6"
  resolved "https://registry.yarnpkg.com/@babel/runtime/-/runtime-7.22.6.tgz#57d64b9ae3cff1d67eb067ae117dac087f5bd438"
  integrity sha512-wDb5pWm4WDdF6LFUde3Jl8WzPA+3ZbxYqkC6xAXuD3irdEHN1k0NfTRrJD8ZD378SJ61miMLCqIOXYhd8x+AJQ==
  dependencies:
    regenerator-runtime "^0.13.11"

"@next/env@13.0.3-canary.0":
  version "13.0.3-canary.0"
  resolved "https://registry.yarnpkg.com/@next/env/-/env-13.0.3-canary.0.tgz#b51115228db20d40ceb518c8f949de6782606616"
  integrity sha512-U3OKnXsh6dkDmlhTqeE9k4S5SLZv6h3wlcvVGnO4yDZGh0uVxDF6vd8uo9yhdc/o5is9aBQgkZN/oTSBRg1buQ==

"@next/swc-android-arm-eabi@13.0.3-canary.0":
  version "13.0.3-canary.0"
  resolved "https://registry.yarnpkg.com/@next/swc-android-arm-eabi/-/swc-android-arm-eabi-13.0.3-canary.0.tgz#666f187aa604887f31629207d32f7c6fee6ed03f"
  integrity sha512-h8Qh9D1wi6uLArLX7L59rjSi1ACwJRioOFoYBH9w971WANta5HAoyyVXtOljXnA4t3VYUdtlB3Z8SLoutxVMuQ==

"@next/swc-android-arm64@13.0.3-canary.0":
  version "13.0.3-canary.0"
  resolved "https://registry.yarnpkg.com/@next/swc-android-arm64/-/swc-android-arm64-13.0.3-canary.0.tgz#1d52de8063c64cb3115f9e70cee01c3f432b10bf"
  integrity sha512-X6zegRHULxEm0DXW9zd2H1M/UUCGIyzkW8kv6eN2VwJd3naxxpNHKkiXRW5VobO+ouhy1UdBUTGUHvJiZSGCRA==

"@next/swc-darwin-arm64@13.0.3-canary.0":
  version "13.0.3-canary.0"
  resolved "https://registry.yarnpkg.com/@next/swc-darwin-arm64/-/swc-darwin-arm64-13.0.3-canary.0.tgz#422dad6db7b71226d27891f60a6c2f14a2460586"
  integrity sha512-9fZ4CU3BHffVQexK0T9XKfSfgBUVCEosN0P1r8VkD2FUuKjjpzaUDRORI0mgEb0f/fZxqoICBkaLZMSqhiYnYQ==

"@next/swc-darwin-x64@13.0.3-canary.0":
  version "13.0.3-canary.0"
  resolved "https://registry.yarnpkg.com/@next/swc-darwin-x64/-/swc-darwin-x64-13.0.3-canary.0.tgz#8bba646c6ced9c48fa0ee31a57430c56dba01e69"
  integrity sha512-7ImLgjK5c0VR/mnfyPLemEx598+LlbXbvIYym4yah3UgxoFfqyCIo/M5nm9Qh/4exH1nBQcwx2u3lt4OJ9QrrA==

"@next/swc-freebsd-x64@13.0.3-canary.0":
  version "13.0.3-canary.0"
  resolved "https://registry.yarnpkg.com/@next/swc-freebsd-x64/-/swc-freebsd-x64-13.0.3-canary.0.tgz#fb7a87cda332a6b07c9eb9a072b613dfec738947"
  integrity sha512-3NoCL7JBX7Oa7fCMeLnDI6MA6Eou5FR+gSedX7abUdx9cyotT+/chE6RxOvMyR/BZqBsV9QDyeG39/Dh6sLKjg==

"@next/swc-linux-arm-gnueabihf@13.0.3-canary.0":
  version "13.0.3-canary.0"
  resolved "https://registry.yarnpkg.com/@next/swc-linux-arm-gnueabihf/-/swc-linux-arm-gnueabihf-13.0.3-canary.0.tgz#6e1fd43d9a16e5adeaff38a5d8dffb99a556529e"
  integrity sha512-hAxj+LGwzWV1CwggTPvSjYVrO8KyGxI3e3Pa0Qd3TNz0iyEcthW+lv/h2B/Z/SnisazxpznX94Rc6I8i8tosZw==

"@next/swc-linux-arm64-gnu@13.0.3-canary.0":
  version "13.0.3-canary.0"
  resolved "https://registry.yarnpkg.com/@next/swc-linux-arm64-gnu/-/swc-linux-arm64-gnu-13.0.3-canary.0.tgz#47684fd7424c9f2642aa7e8b8e67a77c990c7833"
  integrity sha512-Q+pIeygSa/sA7zhAhSuLhIwCAfs4ZWfuxKgrj/T0mVFSlUTBy5cE3PpHSQ6wt9kJAFKvQegVa2mgCQTiATKrOQ==

"@next/swc-linux-arm64-musl@13.0.3-canary.0":
  version "13.0.3-canary.0"
  resolved "https://registry.yarnpkg.com/@next/swc-linux-arm64-musl/-/swc-linux-arm64-musl-13.0.3-canary.0.tgz#57829ed765ff20f3c2d38bce1c273597089be3f7"
  integrity sha512-N9WfQ70bMo+kCMGQ/keNxhIYJ9O1tPL7OKzeE+SCT9RJJjxfql45LIanSiGwY9dfbcS/tx0uQXTxY4bh0n9U3g==

"@next/swc-linux-x64-gnu@13.0.3-canary.0":
  version "13.0.3-canary.0"
  resolved "https://registry.yarnpkg.com/@next/swc-linux-x64-gnu/-/swc-linux-x64-gnu-13.0.3-canary.0.tgz#b64ba9c1d8e3105cd75c68df036c68a03a8d0ba5"
  integrity sha512-uDQgs7SXgEvaV+twuZjIwXBrENN088BNTvm+aA8VBO92IV62rAAyVAKL0tJJwI5rDnGt8MTC9DGbAIkRKeP+pg==

"@next/swc-linux-x64-musl@13.0.3-canary.0":
  version "13.0.3-canary.0"
  resolved "https://registry.yarnpkg.com/@next/swc-linux-x64-musl/-/swc-linux-x64-musl-13.0.3-canary.0.tgz#acbd907b39edcda42bfc02e208fc3f903411df28"
  integrity sha512-YK9Dfh8czMfVsj9qPVQ5FBbeVBA+WWgrBWZrSEoUdkOCxW8MKsgDtqEmeLo+ZAhBFu4pSGeDik+Mc10m4i7vDw==

"@next/swc-win32-arm64-msvc@13.0.3-canary.0":
  version "13.0.3-canary.0"
  resolved "https://registry.yarnpkg.com/@next/swc-win32-arm64-msvc/-/swc-win32-arm64-msvc-13.0.3-canary.0.tgz#013bdd44ca53b35a3a04f731eb95e44c91660162"
  integrity sha512-WsqY4J/tJgNVLqvGUkq6IZRVLYTHXOdEDO9RiGnZ8mtUkFEs1J4aTMJi8fdjzCUKl+/bRCYdFt1OQvEg8mneJA==

"@next/swc-win32-ia32-msvc@13.0.3-canary.0":
  version "13.0.3-canary.0"
  resolved "https://registry.yarnpkg.com/@next/swc-win32-ia32-msvc/-/swc-win32-ia32-msvc-13.0.3-canary.0.tgz#6a1d7868d96662c2d814e5c3ff10b0656b2e501d"
  integrity sha512-syolOITwfneTidF3Eso5nTAFrOyAWmcmgSZSXqworaCa6nNpV++s9AmE1T5dV1kCxBPrVK06PsJ2vTETlfhkSA==

"@next/swc-win32-x64-msvc@13.0.3-canary.0":
  version "13.0.3-canary.0"
  resolved "https://registry.yarnpkg.com/@next/swc-win32-x64-msvc/-/swc-win32-x64-msvc-13.0.3-canary.0.tgz#63085c0d1a724237066ab2d5abe4613597f3caa4"
  integrity sha512-TIe3pUIltVwc4sRnMGFlm3Jf7x5wgZDCeRtHoj+2Kir1ytZnyUEkYlG6y4pqhqS7aJFuhUy2Q/XpOejnook7JA==

"@panva/hkdf@^1.0.1":
  version "1.1.1"
  resolved "https://registry.yarnpkg.com/@panva/hkdf/-/hkdf-1.1.1.tgz#ab9cd8755d1976e72fc77a00f7655a64efe6cd5d"
  integrity sha512-dhPeilub1NuIG0X5Kvhh9lH4iW3ZsHlnzwgwbOlgwQ2wG1IqFzsgHqmKPk3WzsdWAeaxKJxgM0+W433RmN45GA==

"@swc/helpers@0.4.11":
  version "0.4.11"
  resolved "https://registry.yarnpkg.com/@swc/helpers/-/helpers-0.4.11.tgz#db23a376761b3d31c26502122f349a21b592c8de"
  integrity sha512-rEUrBSGIoSFuYxwBYtlUFMlE2CwGhmW+w9355/5oduSw8e5h2+Tj4UrAGNNgP9915++wj5vkQo0UuOBqOAq4nw==
  dependencies:
    tslib "^2.4.0"

"@types/node@^18.11.9":
  version "18.17.2"
  resolved "https://registry.yarnpkg.com/@types/node/-/node-18.17.2.tgz#95b4df6c724e146ef932043a1fb6b8f80975e461"
  integrity sha512-wBo3KqP/PBqje5TI9UTiuL3yWfP6sdPtjtygSOqcYZWT232dfDeDOnkDps5wqZBP9NgGgYrNejinl0faAuE+HQ==

"@types/prop-types@*":
  version "15.7.5"
  resolved "https://registry.yarnpkg.com/@types/prop-types/-/prop-types-15.7.5.tgz#5f19d2b85a98e9558036f6a3cacc8819420f05cf"
  integrity sha512-JCB8C6SnDoQf0cNycqd/35A7MjcnK+ZTqE7judS6o7utxUCg6imJg3QK2qzHKszlTjcj2cn+NwMB2i96ubpj7w==

"@types/react@^18.0.25":
  version "18.2.18"
  resolved "https://registry.yarnpkg.com/@types/react/-/react-18.2.18.tgz#c8b233919eef1bdc294f6f34b37f9727ad677516"
  integrity sha512-da4NTSeBv/P34xoZPhtcLkmZuJ+oYaCxHmyHzwaDQo9RQPBeXV+06gEk2FpqEcsX9XrnNLvRpVh6bdavDSjtiQ==
  dependencies:
    "@types/prop-types" "*"
    "@types/scheduler" "*"
    csstype "^3.0.2"

"@types/scheduler@*":
  version "0.16.3"
  resolved "https://registry.yarnpkg.com/@types/scheduler/-/scheduler-0.16.3.tgz#cef09e3ec9af1d63d2a6cc5b383a737e24e6dcf5"
  integrity sha512-5cJ8CB4yAx7BH1oMvdU0Jh9lrEXyPkar6F9G/ERswkCuvP4KQZfZkSjcMbAICCpQTN4OuZn8tz0HiKv9TGZgrQ==

caniuse-lite@^1.0.30001406:
  version "1.0.30001519"
  resolved "https://registry.yarnpkg.com/caniuse-lite/-/caniuse-lite-1.0.30001519.tgz#3e7b8b8a7077e78b0eb054d69e6edf5c7df35601"
  integrity sha512-0QHgqR+Jv4bxHMp8kZ1Kn8CH55OikjKJ6JmKkZYP1F3D7w+lnFXF70nG5eNfsZS89jadi5Ywy5UCSKLAglIRkg==

client-only@0.0.1:
  version "0.0.1"
  resolved "https://registry.yarnpkg.com/client-only/-/client-only-0.0.1.tgz#38bba5d403c41ab150bff64a95c85013cf73bca1"
  integrity sha512-IV3Ou0jSMzZrd3pZ48nLkT9DA7Ag1pnPzaiQhpW7c3RbcqqzvzzVu+L8gfqMp/8IM2MQtSiqaCxrrcfu8I8rMA==

cookie@^0.5.0:
  version "0.5.0"
  resolved "https://registry.yarnpkg.com/cookie/-/cookie-0.5.0.tgz#d1f5d71adec6558c58f389987c366aa47e994f8b"
  integrity sha512-YZ3GUyn/o8gfKJlnlX7g7xq4gyO6OSuhGPKaaGssGB2qgDUS0gPgtTvoyZLTt9Ab6dC4hfc9dV5arkvc/OCmrw==

csstype@^3.0.2:
  version "3.1.2"
  resolved "https://registry.yarnpkg.com/csstype/-/csstype-3.1.2.tgz#1d4bf9d572f11c14031f0436e1c10bc1f571f50b"
  integrity sha512-I7K1Uu0MBPzaFKg4nI5Q7Vs2t+3gWWW648spaF+Rg7pI9ds18Ugn+lvg4SHczUdKlHI5LWBXyqfS8+DufyBsgQ==

jose@^4.14.4, jose@^4.9.3:
  version "4.14.4"
  resolved "https://registry.yarnpkg.com/jose/-/jose-4.14.4.tgz#59e09204e2670c3164ee24cbfe7115c6f8bff9ca"
  integrity sha512-j8GhLiKmUAh+dsFXlX1aJCbt5KMibuKb+d7j1JaOJG6s2UjX1PQlW+OKB/sD4a/5ZYF4RcmYmLSndOoU3Lt/3g==

"js-tokens@^3.0.0 || ^4.0.0":
  version "4.0.0"
  resolved "https://registry.yarnpkg.com/js-tokens/-/js-tokens-4.0.0.tgz#19203fb59991df98e3a287050d4647cdeaf32499"
  integrity sha512-RdJUflcE3cUzKiMqQgsCu06FPu9UdIJO0beYbPhHN4k6apgJtifcoCtT9bcxOpYBtpD2kCM6Sbzg4CausW/PKQ==

loose-envify@^1.1.0:
  version "1.4.0"
  resolved "https://registry.yarnpkg.com/loose-envify/-/loose-envify-1.4.0.tgz#71ee51fa7be4caec1a63839f7e682d8132d30caf"
  integrity sha512-lyuxPGr/Wfhrlem2CL/UcnUc1zcqKAImBDzukY7Y5F/yQiNdko6+fRLevlw1HgMySw7f611UIY408EtxRSoK3Q==
  dependencies:
    js-tokens "^3.0.0 || ^4.0.0"

lru-cache@^6.0.0:
  version "6.0.0"
  resolved "https://registry.yarnpkg.com/lru-cache/-/lru-cache-6.0.0.tgz#6d6fe6570ebd96aaf90fcad1dafa3b2566db3a94"
  integrity sha512-Jo6dJ04CmSjuznwJSS3pUeWmd/H0ffTlkXXgwZi+eq1UCmqQwCh+eLsYOYCwY991i2Fah4h1BEMCx4qThGbsiA==
  dependencies:
    yallist "^4.0.0"

nanoid@^3.3.4:
  version "3.3.6"
  resolved "https://registry.yarnpkg.com/nanoid/-/nanoid-3.3.6.tgz#443380c856d6e9f9824267d960b4236ad583ea4c"
  integrity sha512-BGcqMMJuToF7i1rt+2PWSNVnWIkGCU78jBG3RxO/bZlnZPK2Cmi2QaffxGO/2RvWi9sL+FAiRiXMgsyxQ1DIDA==

next-auth@4.16.4:
  version "4.16.4"
  resolved "https://registry.yarnpkg.com/next-auth/-/next-auth-4.16.4.tgz#3ab796a0979ac05a6ebc1fbf343983ef5bc965c9"
  integrity sha512-KXW578+ER1u5RcWLwCHMdb/RIBIO6JM8r6xlf9RIPSKzkvDcX9FHiZfJS2vOq/SurHXPJZc4J3OS4IDJpF74Dw==
  dependencies:
    "@babel/runtime" "^7.16.3"
    "@panva/hkdf" "^1.0.1"
    cookie "^0.5.0"
    jose "^4.9.3"
    oauth "^0.9.15"
    openid-client "^5.1.0"
    preact "^10.6.3"
    preact-render-to-string "^5.1.19"
    uuid "^8.3.2"

next@13.0.3-canary.0:
  version "13.0.3-canary.0"
  resolved "https://registry.yarnpkg.com/next/-/next-13.0.3-canary.0.tgz#5229d96892f8a2c2e981cbd0e1f8d10bf594bef5"
  integrity sha512-h9rTohejomMj7d0/BHT0v9HaX/CQy2dLYUdUAxI6I8ObYCESEUMeymtQzAHjQ/Fp1MP5+GPOVOVO2uqHNlCd2g==
  dependencies:
    "@next/env" "13.0.3-canary.0"
    "@swc/helpers" "0.4.11"
    caniuse-lite "^1.0.30001406"
    postcss "8.4.14"
    styled-jsx "5.1.0"
    use-sync-external-store "1.2.0"
  optionalDependencies:
    "@next/swc-android-arm-eabi" "13.0.3-canary.0"
    "@next/swc-android-arm64" "13.0.3-canary.0"
    "@next/swc-darwin-arm64" "13.0.3-canary.0"
    "@next/swc-darwin-x64" "13.0.3-canary.0"
    "@next/swc-freebsd-x64" "13.0.3-canary.0"
    "@next/swc-linux-arm-gnueabihf" "13.0.3-canary.0"
    "@next/swc-linux-arm64-gnu" "13.0.3-canary.0"
    "@next/swc-linux-arm64-musl" "13.0.3-canary.0"
    "@next/swc-linux-x64-gnu" "13.0.3-canary.0"
    "@next/swc-linux-x64-musl" "13.0.3-canary.0"
    "@next/swc-win32-arm64-msvc" "13.0.3-canary.0"
    "@next/swc-win32-ia32-msvc" "13.0.3-canary.0"
    "@next/swc-win32-x64-msvc" "13.0.3-canary.0"

oauth@^0.9.15:
  version "0.9.15"
  resolved "https://registry.yarnpkg.com/oauth/-/oauth-0.9.15.tgz#bd1fefaf686c96b75475aed5196412ff60cfb9c1"
  integrity sha512-a5ERWK1kh38ExDEfoO6qUHJb32rd7aYmPHuyCu3Fta/cnICvYmgd2uhuKXvPD+PXB+gCEYYEaQdIRAjCOwAKNA==

object-hash@^2.2.0:
  version "2.2.0"
  resolved "https://registry.yarnpkg.com/object-hash/-/object-hash-2.2.0.tgz#5ad518581eefc443bd763472b8ff2e9c2c0d54a5"
  integrity sha512-gScRMn0bS5fH+IuwyIFgnh9zBdo4DV+6GhygmWM9HyNJSgS0hScp1f5vjtm7oIIOiT9trXrShAkLFSc2IqKNgw==

oidc-token-hash@^5.0.3:
  version "5.0.3"
  resolved "https://registry.yarnpkg.com/oidc-token-hash/-/oidc-token-hash-5.0.3.tgz#9a229f0a1ce9d4fc89bcaee5478c97a889e7b7b6"
  integrity sha512-IF4PcGgzAr6XXSff26Sk/+P4KZFJVuHAJZj3wgO3vX2bMdNVp/QXTP3P7CEm9V1IdG8lDLY3HhiqpsE/nOwpPw==

openid-client@^5.1.0:
  version "5.4.3"
  resolved "https://registry.yarnpkg.com/openid-client/-/openid-client-5.4.3.tgz#c75d2f6d07a25d383a72c8ff34605a36b7e2cd73"
  integrity sha512-sVQOvjsT/sbSfYsQI/9liWQGVZH/Pp3rrtlGEwgk/bbHfrUDZ24DN57lAagIwFtuEu+FM9Ev7r85s8S/yPjimQ==
  dependencies:
    jose "^4.14.4"
    lru-cache "^6.0.0"
    object-hash "^2.2.0"
    oidc-token-hash "^5.0.3"

picocolors@^1.0.0:
  version "1.0.0"
  resolved "https://registry.yarnpkg.com/picocolors/-/picocolors-1.0.0.tgz#cb5bdc74ff3f51892236eaf79d68bc44564ab81c"
  integrity sha512-1fygroTLlHu66zi26VoTDv8yRgm0Fccecssto+MhsZ0D/DGW2sm8E8AjW7NU5VVTRt5GxbeZ5qBuJr+HyLYkjQ==

postcss@8.4.14:
  version "8.4.14"
  resolved "https://registry.yarnpkg.com/postcss/-/postcss-8.4.14.tgz#ee9274d5622b4858c1007a74d76e42e56fd21caf"
  integrity sha512-E398TUmfAYFPBSdzgeieK2Y1+1cpdxJx8yXbK/m57nRhKSmk1GB2tO4lbLBtlkfPQTDKfe4Xqv1ASWPpayPEig==
  dependencies:
    nanoid "^3.3.4"
    picocolors "^1.0.0"
    source-map-js "^1.0.2"

preact-render-to-string@^5.1.19:
  version "5.2.6"
  resolved "https://registry.yarnpkg.com/preact-render-to-string/-/preact-render-to-string-5.2.6.tgz#0ff0c86cd118d30affb825193f18e92bd59d0604"
  integrity sha512-JyhErpYOvBV1hEPwIxc/fHWXPfnEGdRKxc8gFdAZ7XV4tlzyzG847XAyEZqoDnynP88akM4eaHcSOzNcLWFguw==
  dependencies:
    pretty-format "^3.8.0"

preact@^10.6.3:
  version "10.16.0"
  resolved "https://registry.yarnpkg.com/preact/-/preact-10.16.0.tgz#68a06d70b191b8a313ea722d61e09c6b2a79a37e"
  integrity sha512-XTSj3dJ4roKIC93pald6rWuB2qQJO9gO2iLLyTe87MrjQN+HklueLsmskbywEWqCHlclgz3/M4YLL2iBr9UmMA==

pretty-format@^3.8.0:
  version "3.8.0"
  resolved "https://registry.yarnpkg.com/pretty-format/-/pretty-format-3.8.0.tgz#bfbed56d5e9a776645f4b1ff7aa1a3ac4fa3c385"
  integrity sha512-WuxUnVtlWL1OfZFQFuqvnvs6MiAGk9UNsBostyBOB0Is9wb5uRESevA6rnl/rkksXaGX3GzZhPup5d6Vp1nFew==

react-dom@^18.2.0:
  version "18.2.0"
  resolved "https://registry.yarnpkg.com/react-dom/-/react-dom-18.2.0.tgz#22aaf38708db2674ed9ada224ca4aa708d821e3d"
  integrity sha512-6IMTriUmvsjHUjNtEDudZfuDQUoWXVxKHhlEGSk81n4YFS+r/Kl99wXiwlVXtPBtJenozv2P+hxDsw9eA7Xo6g==
  dependencies:
    loose-envify "^1.1.0"
    scheduler "^0.23.0"

react@^18.2.0:
  version "18.2.0"
  resolved "https://registry.yarnpkg.com/react/-/react-18.2.0.tgz#555bd98592883255fa00de14f1151a917b5d77d5"
  integrity sha512-/3IjMdb2L9QbBdWiW5e3P2/npwMBaU9mHCSCUzNln0ZCYbcfTsGbTJrU/kGemdH2IWmB2ioZ+zkxtmq6g09fGQ==
  dependencies:
    loose-envify "^1.1.0"

regenerator-runtime@^0.13.11:
  version "0.13.11"
  resolved "https://registry.yarnpkg.com/regenerator-runtime/-/regenerator-runtime-0.13.11.tgz#f6dca3e7ceec20590d07ada785636a90cdca17f9"
  integrity sha512-kY1AZVr2Ra+t+piVaJ4gxaFaReZVH40AKNo7UCX6W+dEwBo/2oZJzqfuN1qLq1oL45o56cPaTXELwrTh8Fpggg==

scheduler@^0.23.0:
  version "0.23.0"
  resolved "https://registry.yarnpkg.com/scheduler/-/scheduler-0.23.0.tgz#ba8041afc3d30eb206a487b6b384002e4e61fdfe"
  integrity sha512-CtuThmgHNg7zIZWAXi3AsyIzA3n4xx7aNyjwC2VJldO2LMVDhFK+63xGqq6CsJH4rTAt6/M+N4GhZiDYPx9eUw==
  dependencies:
    loose-envify "^1.1.0"

source-map-js@^1.0.2:
  version "1.0.2"
  resolved "https://registry.yarnpkg.com/source-map-js/-/source-map-js-1.0.2.tgz#adbc361d9c62df380125e7f161f71c826f1e490c"
  integrity sha512-R0XvVJ9WusLiqTCEiGCmICCMplcCkIwwR11mOSD9CR5u+IXYdiseeEuXCVAjS54zqwkLcPNnmU4OeJ6tUrWhDw==

styled-jsx@5.1.0:
  version "5.1.0"
  resolved "https://registry.yarnpkg.com/styled-jsx/-/styled-jsx-5.1.0.tgz#4a5622ab9714bd3fcfaeec292aa555871f057563"
  integrity sha512-/iHaRJt9U7T+5tp6TRelLnqBqiaIT0HsO0+vgyj8hK2KUk7aejFqRrumqPUlAqDwAj8IbS/1hk3IhBAAK/FCUQ==
  dependencies:
    client-only "0.0.1"

tslib@^2.4.0:
  version "2.6.1"
  resolved "https://registry.yarnpkg.com/tslib/-/tslib-2.6.1.tgz#fd8c9a0ff42590b25703c0acb3de3d3f4ede0410"
  integrity sha512-t0hLfiEKfMUoqhG+U1oid7Pva4bbDPHYfJNiB7BiIjRkj1pyC++4N3huJfqY6aRH6VTB0rvtzQwjM4K6qpfOig==

typescript@^4.8.4:
  version "4.9.5"
  resolved "https://registry.yarnpkg.com/typescript/-/typescript-4.9.5.tgz#095979f9bcc0d09da324d58d03ce8f8374cbe65a"
  integrity sha512-1FXk9E2Hm+QzZQ7z+McJiHL4NW1F2EzMu9Nq9i3zAaGqibafqYwCVU6WyWAuyQRRzOlxou8xZSyXLEN8oKj24g==

use-sync-external-store@1.2.0:
  version "1.2.0"
  resolved "https://registry.yarnpkg.com/use-sync-external-store/-/use-sync-external-store-1.2.0.tgz#7dbefd6ef3fe4e767a0cf5d7287aacfb5846928a"
  integrity sha512-eEgnFxGQ1Ife9bzYs6VLi8/4X6CObHMw9Qr9tPY43iKwsPw8xE8+EFsf/2cFZ5S3esXgpWgtSCtLNS41F+sKPA==

uuid@^8.3.2:
  version "8.3.2"
  resolved "https://registry.yarnpkg.com/uuid/-/uuid-8.3.2.tgz#80d5b5ced271bb9af6c445f21a1a04c606cefbe2"
  integrity sha512-+NYs2QeMWy+GWFOEm9xnn6HCDp0l7QBD7ml8zLUmJ+93Q5NF0NocErnwkTkXVFNiX3/fpC6afS8Dhb/gz7R7eg==

yallist@^4.0.0:
  version "4.0.0"
  resolved "https://registry.yarnpkg.com/yallist/-/yallist-4.0.0.tgz#9bb92790d9c0effec63be73519e11a35019a3a72"
  integrity sha512-3wdGidZyq5PB084XLES5TpOSRA3wjXAlIWMhum2kRcv/41Sn2emQ0dycQW4uZXLejwKvg6EsvbdlVL+FYEct7A==
